// !$*UTF8*$!
{
	archiveVersion = 1;
	classes = {
	};
	objectVersion = 50;
	objects = {

/* Begin PBXBuildFile section */
		3D3D29F02550A1CF008A27E3 /* AppDelegate.swift in Sources */ = {isa = PBXBuildFile; fileRef = 3D3D29EF2550A1CF008A27E3 /* AppDelegate.swift */; };
		3D3D29F22550A1CF008A27E3 /* SceneDelegate.swift in Sources */ = {isa = PBXBuildFile; fileRef = 3D3D29F12550A1CF008A27E3 /* SceneDelegate.swift */; };
		3D3D29F42550A1CF008A27E3 /* ViewController.swift in Sources */ = {isa = PBXBuildFile; fileRef = 3D3D29F32550A1CF008A27E3 /* ViewController.swift */; };
		3D3D29F72550A1CF008A27E3 /* Main.storyboard in Resources */ = {isa = PBXBuildFile; fileRef = 3D3D29F52550A1CF008A27E3 /* Main.storyboard */; };
		3D3D29F92550A1D4008A27E3 /* Assets.xcassets in Resources */ = {isa = PBXBuildFile; fileRef = 3D3D29F82550A1D4008A27E3 /* Assets.xcassets */; };
		3D3D29FC2550A1D4008A27E3 /* LaunchScreen.storyboard in Resources */ = {isa = PBXBuildFile; fileRef = 3D3D29FA2550A1D4008A27E3 /* LaunchScreen.storyboard */; };
		3D3D2A072550A1D4008A27E3 /* tableviewTests.swift in Sources */ = {isa = PBXBuildFile; fileRef = 3D3D2A062550A1D4008A27E3 /* tableviewTests.swift */; };
		3D3D2A122550A1D4008A27E3 /* tableviewUITests.swift in Sources */ = {isa = PBXBuildFile; fileRef = 3D3D2A112550A1D4008A27E3 /* tableviewUITests.swift */; };
		3D3D2A252550A71C008A27E3 /* alumno.swift in Sources */ = {isa = PBXBuildFile; fileRef = 3D3D2A242550A71C008A27E3 /* alumno.swift */; };
		3D3D2A272550B5B1008A27E3 /* celdaAlumnoController.swift in Sources */ = {isa = PBXBuildFile; fileRef = 3D3D2A262550B5B1008A27E3 /* celdaAlumnoController.swift */; };
/* End PBXBuildFile section */

/* Begin PBXContainerItemProxy section */
		3D3D2A032550A1D4008A27E3 /* PBXContainerItemProxy */ = {
			isa = PBXContainerItemProxy;
			containerPortal = 3D3D29E42550A1CF008A27E3 /* Project object */;
			proxyType = 1;
			remoteGlobalIDString = 3D3D29EB2550A1CF008A27E3;
			remoteInfo = tableview;
		};
		3D3D2A0E2550A1D4008A27E3 /* PBXContainerItemProxy */ = {
			isa = PBXContainerItemProxy;
			containerPortal = 3D3D29E42550A1CF008A27E3 /* Project object */;
			proxyType = 1;
			remoteGlobalIDString = 3D3D29EB2550A1CF008A27E3;
			remoteInfo = tableview;
		};
/* End PBXContainerItemProxy section */

/* Begin PBXFileReference section */
		3D3D29EC2550A1CF008A27E3 /* tableview.app */ = {isa = PBXFileReference; explicitFileType = wrapper.application; includeInIndex = 0; path = tableview.app; sourceTree = BUILT_PRODUCTS_DIR; };
		3D3D29EF2550A1CF008A27E3 /* AppDelegate.swift */ = {isa = PBXFileReference; lastKnownFileType = sourcecode.swift; path = AppDelegate.swift; sourceTree = "<group>"; };
		3D3D29F12550A1CF008A27E3 /* SceneDelegate.swift */ = {isa = PBXFileReference; lastKnownFileType = sourcecode.swift; path = SceneDelegate.swift; sourceTree = "<group>"; };
		3D3D29F32550A1CF008A27E3 /* ViewController.swift */ = {isa = PBXFileReference; lastKnownFileType = sourcecode.swift; path = ViewController.swift; sourceTree = "<group>"; };
		3D3D29F62550A1CF008A27E3 /* Base */ = {isa = PBXFileReference; lastKnownFileType = file.storyboard; name = Base; path = Base.lproj/Main.storyboard; sourceTree = "<group>"; };
		3D3D29F82550A1D4008A27E3 /* Assets.xcassets */ = {isa = PBXFileReference; lastKnownFileType = folder.assetcatalog; path = Assets.xcassets; sourceTree = "<group>"; };
		3D3D29FB2550A1D4008A27E3 /* Base */ = {isa = PBXFileReference; lastKnownFileType = file.storyboard; name = Base; path = Base.lproj/LaunchScreen.storyboard; sourceTree = "<group>"; };
		3D3D29FD2550A1D4008A27E3 /* Info.plist */ = {isa = PBXFileReference; lastKnownFileType = text.plist.xml; path = Info.plist; sourceTree = "<group>"; };
		3D3D2A022550A1D4008A27E3 /* tableviewTests.xctest */ = {isa = PBXFileReference; explicitFileType = wrapper.cfbundle; includeInIndex = 0; path = tableviewTests.xctest; sourceTree = BUILT_PRODUCTS_DIR; };
		3D3D2A062550A1D4008A27E3 /* tableviewTests.swift */ = {isa = PBXFileReference; lastKnownFileType = sourcecode.swift; path = tableviewTests.swift; sourceTree = "<group>"; };
		3D3D2A082550A1D4008A27E3 /* Info.plist */ = {isa = PBXFileReference; lastKnownFileType = text.plist.xml; name = Info.plist; path = tableviewTests/Info.plist; sourceTree = SOURCE_ROOT; };
		3D3D2A0D2550A1D4008A27E3 /* tableviewUITests.xctest */ = {isa = PBXFileReference; explicitFileType = wrapper.cfbundle; includeInIndex = 0; path = tableviewUITests.xctest; sourceTree = BUILT_PRODUCTS_DIR; };
		3D3D2A112550A1D4008A27E3 /* tableviewUITests.swift */ = {isa = PBXFileReference; lastKnownFileType = sourcecode.swift; path = tableviewUITests.swift; sourceTree = "<group>"; };
		3D3D2A132550A1D4008A27E3 /* Info.plist */ = {isa = PBXFileReference; lastKnownFileType = text.plist.xml; path = Info.plist; sourceTree = "<group>"; };
		3D3D2A242550A71C008A27E3 /* alumno.swift */ = {isa = PBXFileReference; lastKnownFileType = sourcecode.swift; path = alumno.swift; sourceTree = "<group>"; };
		3D3D2A262550B5B1008A27E3 /* celdaAlumnoController.swift */ = {isa = PBXFileReference; lastKnownFileType = sourcecode.swift; path = celdaAlumnoController.swift; sourceTree = "<group>"; };
/* End PBXFileReference section */

/* Begin PBXFrameworksBuildPhase section */
		3D3D29E92550A1CF008A27E3 /* Frameworks */ = {
			isa = PBXFrameworksBuildPhase;
			buildActionMask = 2147483647;
			files = (
			);
			runOnlyForDeploymentPostprocessing = 0;
		};
		3D3D29FF2550A1D4008A27E3 /* Frameworks */ = {
			isa = PBXFrameworksBuildPhase;
			buildActionMask = 2147483647;
			files = (
			);
			runOnlyForDeploymentPostprocessing = 0;
		};
		3D3D2A0A2550A1D4008A27E3 /* Frameworks */ = {
			isa = PBXFrameworksBuildPhase;
			buildActionMask = 2147483647;
			files = (
			);
			runOnlyForDeploymentPostprocessing = 0;
		};
/* End PBXFrameworksBuildPhase section */

/* Begin PBXGroup section */
		3D3D29E32550A1CF008A27E3 = {
			isa = PBXGroup;
			children = (
				3D3D29EE2550A1CF008A27E3 /* tableview */,
				3D3D2A052550A1D4008A27E3 /* tableviewTests */,
				3D3D2A102550A1D4008A27E3 /* tableviewUITests */,
				3D3D29ED2550A1CF008A27E3 /* Products */,
			);
			sourceTree = "<group>";
		};
		3D3D29ED2550A1CF008A27E3 /* Products */ = {
			isa = PBXGroup;
			children = (
				3D3D29EC2550A1CF008A27E3 /* tableview.app */,
				3D3D2A022550A1D4008A27E3 /* tableviewTests.xctest */,
				3D3D2A0D2550A1D4008A27E3 /* tableviewUITests.xctest */,
			);
			name = Products;
			sourceTree = "<group>";
		};
		3D3D29EE2550A1CF008A27E3 /* tableview */ = {
			isa = PBXGroup;
			children = (
				3D3D2A232550A691008A27E3 /* Config */,
				3D3D2A222550A686008A27E3 /* Resources */,
				3D3D2A212550A67A008A27E3 /* Models */,
				3D3D2A202550A640008A27E3 /* ViewControllers */,
				3D3D2A1F2550A609008A27E3 /* Storyboards */,
			);
			path = tableview;
			sourceTree = "<group>";
		};
		3D3D2A052550A1D4008A27E3 /* tableviewTests */ = {
			isa = PBXGroup;
			children = (
				3D3D2A062550A1D4008A27E3 /* tableviewTests.swift */,
			);
			path = tableviewTests;
			sourceTree = "<group>";
		};
		3D3D2A102550A1D4008A27E3 /* tableviewUITests */ = {
			isa = PBXGroup;
			children = (
				3D3D2A112550A1D4008A27E3 /* tableviewUITests.swift */,
				3D3D2A132550A1D4008A27E3 /* Info.plist */,
			);
			path = tableviewUITests;
			sourceTree = "<group>";
		};
		3D3D2A1F2550A609008A27E3 /* Storyboards */ = {
			isa = PBXGroup;
			children = (
				3D3D29F52550A1CF008A27E3 /* Main.storyboard */,
				3D3D29FA2550A1D4008A27E3 /* LaunchScreen.storyboard */,
			);
			name = Storyboards;
			sourceTree = "<group>";
		};
		3D3D2A202550A640008A27E3 /* ViewControllers */ = {
			isa = PBXGroup;
			children = (
				3D3D29F12550A1CF008A27E3 /* SceneDelegate.swift */,
				3D3D29F32550A1CF008A27E3 /* ViewController.swift */,
				3D3D2A262550B5B1008A27E3 /* celdaAlumnoController.swift */,
			);
			name = ViewControllers;
			sourceTree = "<group>";
		};
		3D3D2A212550A67A008A27E3 /* Models */ = {
			isa = PBXGroup;
			children = (
				3D3D2A242550A71C008A27E3 /* alumno.swift */,
			);
			name = Models;
			sourceTree = "<group>";
		};
		3D3D2A222550A686008A27E3 /* Resources */ = {
			isa = PBXGroup;
			children = (
				3D3D29F82550A1D4008A27E3 /* Assets.xcassets */,
			);
			name = Resources;
			sourceTree = "<group>";
		};
		3D3D2A232550A691008A27E3 /* Config */ = {
			isa = PBXGroup;
			children = (
				3D3D2A082550A1D4008A27E3 /* Info.plist */,
				3D3D29FD2550A1D4008A27E3 /* Info.plist */,
				3D3D29EF2550A1CF008A27E3 /* AppDelegate.swift */,
			);
			name = Config;
			sourceTree = "<group>";
		};
/* End PBXGroup section */

/* Begin PBXNativeTarget section */
		3D3D29EB2550A1CF008A27E3 /* tableview */ = {
			isa = PBXNativeTarget;
			buildConfigurationList = 3D3D2A162550A1D4008A27E3 /* Build configuration list for PBXNativeTarget "tableview" */;
			buildPhases = (
				3D3D29E82550A1CF008A27E3 /* Sources */,
				3D3D29E92550A1CF008A27E3 /* Frameworks */,
				3D3D29EA2550A1CF008A27E3 /* Resources */,
			);
			buildRules = (
			);
			dependencies = (
			);
			name = tableview;
			productName = tableview;
			productReference = 3D3D29EC2550A1CF008A27E3 /* tableview.app */;
			productType = "com.apple.product-type.application";
		};
		3D3D2A012550A1D4008A27E3 /* tableviewTests */ = {
			isa = PBXNativeTarget;
			buildConfigurationList = 3D3D2A192550A1D4008A27E3 /* Build configuration list for PBXNativeTarget "tableviewTests" */;
			buildPhases = (
				3D3D29FE2550A1D4008A27E3 /* Sources */,
				3D3D29FF2550A1D4008A27E3 /* Frameworks */,
				3D3D2A002550A1D4008A27E3 /* Resources */,
			);
			buildRules = (
			);
			dependencies = (
				3D3D2A042550A1D4008A27E3 /* PBXTargetDependency */,
			);
			name = tableviewTests;
			productName = tableviewTests;
			productReference = 3D3D2A022550A1D4008A27E3 /* tableviewTests.xctest */;
			productType = "com.apple.product-type.bundle.unit-test";
		};
		3D3D2A0C2550A1D4008A27E3 /* tableviewUITests */ = {
			isa = PBXNativeTarget;
			buildConfigurationList = 3D3D2A1C2550A1D4008A27E3 /* Build configuration list for PBXNativeTarget "tableviewUITests" */;
			buildPhases = (
				3D3D2A092550A1D4008A27E3 /* Sources */,
				3D3D2A0A2550A1D4008A27E3 /* Frameworks */,
				3D3D2A0B2550A1D4008A27E3 /* Resources */,
			);
			buildRules = (
			);
			dependencies = (
				3D3D2A0F2550A1D4008A27E3 /* PBXTargetDependency */,
			);
			name = tableviewUITests;
			productName = tableviewUITests;
			productReference = 3D3D2A0D2550A1D4008A27E3 /* tableviewUITests.xctest */;
			productType = "com.apple.product-type.bundle.ui-testing";
		};
/* End PBXNativeTarget section */

/* Begin PBXProject section */
		3D3D29E42550A1CF008A27E3 /* Project object */ = {
			isa = PBXProject;
			attributes = {
				LastSwiftUpdateCheck = 1130;
				LastUpgradeCheck = 1130;
				ORGANIZATIONNAME = Alumno;
				TargetAttributes = {
					3D3D29EB2550A1CF008A27E3 = {
						CreatedOnToolsVersion = 11.3.1;
					};
					3D3D2A012550A1D4008A27E3 = {
						CreatedOnToolsVersion = 11.3.1;
						TestTargetID = 3D3D29EB2550A1CF008A27E3;
					};
					3D3D2A0C2550A1D4008A27E3 = {
						CreatedOnToolsVersion = 11.3.1;
						TestTargetID = 3D3D29EB2550A1CF008A27E3;
					};
				};
			};
			buildConfigurationList = 3D3D29E72550A1CF008A27E3 /* Build configuration list for PBXProject "tableview" */;
			compatibilityVersion = "Xcode 9.3";
			developmentRegion = en;
			hasScannedForEncodings = 0;
			knownRegions = (
				en,
				Base,
			);
			mainGroup = 3D3D29E32550A1CF008A27E3;
			productRefGroup = 3D3D29ED2550A1CF008A27E3 /* Products */;
			projectDirPath = "";
			projectRoot = "";
			targets = (
				3D3D29EB2550A1CF008A27E3 /* tableview */,
				3D3D2A012550A1D4008A27E3 /* tableviewTests */,
				3D3D2A0C2550A1D4008A27E3 /* tableviewUITests */,
			);
		};
/* End PBXProject section */

/* Begin PBXResourcesBuildPhase section */
		3D3D29EA2550A1CF008A27E3 /* Resources */ = {
			isa = PBXResourcesBuildPhase;
			buildActionMask = 2147483647;
			files = (
				3D3D29FC2550A1D4008A27E3 /* LaunchScreen.storyboard in Resources */,
				3D3D29F92550A1D4008A27E3 /* Assets.xcassets in Resources */,
				3D3D29F72550A1CF008A27E3 /* Main.storyboard in Resources */,
			);
			runOnlyForDeploymentPostprocessing = 0;
		};
		3D3D2A002550A1D4008A27E3 /* Resources */ = {
			isa = PBXResourcesBuildPhase;
			buildActionMask = 2147483647;
			files = (
			);
			runOnlyForDeploymentPostprocessing = 0;
		};
		3D3D2A0B2550A1D4008A27E3 /* Resources */ = {
			isa = PBXResourcesBuildPhase;
			buildActionMask = 2147483647;
			files = (
			);
			runOnlyForDeploymentPostprocessing = 0;
		};
/* End PBXResourcesBuildPhase section */

/* Begin PBXSourcesBuildPhase section */
		3D3D29E82550A1CF008A27E3 /* Sources */ = {
			isa = PBXSourcesBuildPhase;
			buildActionMask = 2147483647;
			files = (
				3D3D2A272550B5B1008A27E3 /* celdaAlumnoController.swift in Sources */,
				3D3D29F42550A1CF008A27E3 /* ViewController.swift in Sources */,
				3D3D29F02550A1CF008A27E3 /* AppDelegate.swift in Sources */,
				3D3D29F22550A1CF008A27E3 /* SceneDelegate.swift in Sources */,
				3D3D2A252550A71C008A27E3 /* alumno.swift in Sources */,
			);
			runOnlyForDeploymentPostprocessing = 0;
		};
		3D3D29FE2550A1D4008A27E3 /* Sources */ = {
			isa = PBXSourcesBuildPhase;
			buildActionMask = 2147483647;
			files = (
				3D3D2A072550A1D4008A27E3 /* tableviewTests.swift in Sources */,
			);
			runOnlyForDeploymentPostprocessing = 0;
		};
		3D3D2A092550A1D4008A27E3 /* Sources */ = {
			isa = PBXSourcesBuildPhase;
			buildActionMask = 2147483647;
			files = (
				3D3D2A122550A1D4008A27E3 /* tableviewUITests.swift in Sources */,
			);
			runOnlyForDeploymentPostprocessing = 0;
		};
/* End PBXSourcesBuildPhase section */

/* Begin PBXTargetDependency section */
		3D3D2A042550A1D4008A27E3 /* PBXTargetDependency */ = {
			isa = PBXTargetDependency;
			target = 3D3D29EB2550A1CF008A27E3 /* tableview */;
			targetProxy = 3D3D2A032550A1D4008A27E3 /* PBXContainerItemProxy */;
		};
		3D3D2A0F2550A1D4008A27E3 /* PBXTargetDependency */ = {
			isa = PBXTargetDependency;
			target = 3D3D29EB2550A1CF008A27E3 /* tableview */;
			targetProxy = 3D3D2A0E2550A1D4008A27E3 /* PBXContainerItemProxy */;
		};
/* End PBXTargetDependency section */

/* Begin PBXVariantGroup section */
		3D3D29F52550A1CF008A27E3 /* Main.storyboard */ = {
			isa = PBXVariantGroup;
			children = (
				3D3D29F62550A1CF008A27E3 /* Base */,
			);
			name = Main.storyboard;
			sourceTree = "<group>";
		};
		3D3D29FA2550A1D4008A27E3 /* LaunchScreen.storyboard */ = {
			isa = PBXVariantGroup;
			children = (
				3D3D29FB2550A1D4008A27E3 /* Base */,
			);
			name = LaunchScreen.storyboard;
			sourceTree = "<group>";
		};
/* End PBXVariantGroup section */

/* Begin XCBuildConfiguration section */
		3D3D2A142550A1D4008A27E3 /* Debug */ = {
			isa = XCBuildConfiguration;
			buildSettings = {
				ALWAYS_SEARCH_USER_PATHS = NO;
				CLANG_ANALYZER_NONNULL = YES;
				CLANG_ANALYZER_NUMBER_OBJECT_CONVERSION = YES_AGGRESSIVE;
				CLANG_CXX_LANGUAGE_STANDARD = "gnu++14";
				CLANG_CXX_LIBRARY = "libc++";
				CLANG_ENABLE_MODULES = YES;
				CLANG_ENABLE_OBJC_ARC = YES;
				CLANG_ENABLE_OBJC_WEAK = YES;
				CLANG_WARN_BLOCK_CAPTURE_AUTORELEASING = YES;
				CLANG_WARN_BOOL_CONVERSION = YES;
				CLANG_WARN_COMMA = YES;
				CLANG_WARN_CONSTANT_CONVERSION = YES;
				CLANG_WARN_DEPRECATED_OBJC_IMPLEMENTATIONS = YES;
				CLANG_WARN_DIRECT_OBJC_ISA_USAGE = YES_ERROR;
				CLANG_WARN_DOCUMENTATION_COMMENTS = YES;
				CLANG_WARN_EMPTY_BODY = YES;
				CLANG_WARN_ENUM_CONVERSION = YES;
				CLANG_WARN_INFINITE_RECURSION = YES;
				CLANG_WARN_INT_CONVERSION = YES;
				CLANG_WARN_NON_LITERAL_NULL_CONVERSION = YES;
				CLANG_WARN_OBJC_IMPLICIT_RETAIN_SELF = YES;
				CLANG_WARN_OBJC_LITERAL_CONVERSION = YES;
				CLANG_WARN_OBJC_ROOT_CLASS = YES_ERROR;
				CLANG_WARN_RANGE_LOOP_ANALYSIS = YES;
				CLANG_WARN_STRICT_PROTOTYPES = YES;
				CLANG_WARN_SUSPICIOUS_MOVE = YES;
				CLANG_WARN_UNGUARDED_AVAILABILITY = YES_AGGRESSIVE;
				CLANG_WARN_UNREACHABLE_CODE = YES;
				CLANG_WARN__DUPLICATE_METHOD_MATCH = YES;
				COPY_PHASE_STRIP = NO;
				DEBUG_INFORMATION_FORMAT = dwarf;
				ENABLE_STRICT_OBJC_MSGSEND = YES;
				ENABLE_TESTABILITY = YES;
				GCC_C_LANGUAGE_STANDARD = gnu11;
				GCC_DYNAMIC_NO_PIC = NO;
				GCC_NO_COMMON_BLOCKS = YES;
				GCC_OPTIMIZATION_LEVEL = 0;
				GCC_PREPROCESSOR_DEFINITIONS = (
					"DEBUG=1",
					"$(inherited)",
				);
				GCC_WARN_64_TO_32_BIT_CONVERSION = YES;
				GCC_WARN_ABOUT_RETURN_TYPE = YES_ERROR;
				GCC_WARN_UNDECLARED_SELECTOR = YES;
				GCC_WARN_UNINITIALIZED_AUTOS = YES_AGGRESSIVE;
				GCC_WARN_UNUSED_FUNCTION = YES;
				GCC_WARN_UNUSED_VARIABLE = YES;
				IPHONEOS_DEPLOYMENT_TARGET = 13.2;
				MTL_ENABLE_DEBUG_INFO = INCLUDE_SOURCE;
				MTL_FAST_MATH = YES;
				ONLY_ACTIVE_ARCH = YES;
				SDKROOT = iphoneos;
				SWIFT_ACTIVE_COMPILATION_CONDITIONS = DEBUG;
				SWIFT_OPTIMIZATION_LEVEL = "-Onone";
			};
			name = Debug;
		};
		3D3D2A152550A1D4008A27E3 /* Release */ = {
			isa = XCBuildConfiguration;
			buildSettings = {
				ALWAYS_SEARCH_USER_PATHS = NO;
				CLANG_ANALYZER_NONNULL = YES;
				CLANG_ANALYZER_NUMBER_OBJECT_CONVERSION = YES_AGGRESSIVE;
				CLANG_CXX_LANGUAGE_STANDARD = "gnu++14";
				CLANG_CXX_LIBRARY = "libc++";
				CLANG_ENABLE_MODULES = YES;
				CLANG_ENABLE_OBJC_ARC = YES;
				CLANG_ENABLE_OBJC_WEAK = YES;
				CLANG_WARN_BLOCK_CAPTURE_AUTORELEASING = YES;
				CLANG_WARN_BOOL_CONVERSION = YES;
				CLANG_WARN_COMMA = YES;
				CLANG_WARN_CONSTANT_CONVERSION = YES;
				CLANG_WARN_DEPRECATED_OBJC_IMPLEMENTATIONS = YES;
				CLANG_WARN_DIRECT_OBJC_ISA_USAGE = YES_ERROR;
				CLANG_WARN_DOCUMENTATION_COMMENTS = YES;
				CLANG_WARN_EMPTY_BODY = YES;
				CLANG_WARN_ENUM_CONVERSION = YES;
				CLANG_WARN_INFINITE_RECURSION = YES;
				CLANG_WARN_INT_CONVERSION = YES;
				CLANG_WARN_NON_LITERAL_NULL_CONVERSION = YES;
				CLANG_WARN_OBJC_IMPLICIT_RETAIN_SELF = YES;
				CLANG_WARN_OBJC_LITERAL_CONVERSION = YES;
				CLANG_WARN_OBJC_ROOT_CLASS = YES_ERROR;
				CLANG_WARN_RANGE_LOOP_ANALYSIS = YES;
				CLANG_WARN_STRICT_PROTOTYPES = YES;
				CLANG_WARN_SUSPICIOUS_MOVE = YES;
				CLANG_WARN_UNGUARDED_AVAILABILITY = YES_AGGRESSIVE;
				CLANG_WARN_UNREACHABLE_CODE = YES;
				CLANG_WARN__DUPLICATE_METHOD_MATCH = YES;
				COPY_PHASE_STRIP = NO;
				DEBUG_INFORMATION_FORMAT = "dwarf-with-dsym";
				ENABLE_NS_ASSERTIONS = NO;
				ENABLE_STRICT_OBJC_MSGSEND = YES;
				GCC_C_LANGUAGE_STANDARD = gnu11;
				GCC_NO_COMMON_BLOCKS = YES;
				GCC_WARN_64_TO_32_BIT_CONVERSION = YES;
				GCC_WARN_ABOUT_RETURN_TYPE = YES_ERROR;
				GCC_WARN_UNDECLARED_SELECTOR = YES;
				GCC_WARN_UNINITIALIZED_AUTOS = YES_AGGRESSIVE;
				GCC_WARN_UNUSED_FUNCTION = YES;
				GCC_WARN_UNUSED_VARIABLE = YES;
				IPHONEOS_DEPLOYMENT_TARGET = 13.2;
				MTL_ENABLE_DEBUG_INFO = NO;
				MTL_FAST_MATH = YES;
				SDKROOT = iphoneos;
				SWIFT_COMPILATION_MODE = wholemodule;
				SWIFT_OPTIMIZATION_LEVEL = "-O";
				VALIDATE_PRODUCT = YES;
			};
			name = Release;
		};
		3D3D2A172550A1D4008A27E3 /* Debug */ = {
			isa = XCBuildConfiguration;
			buildSettings = {
				ASSETCATALOG_COMPILER_APPICON_NAME = AppIcon;
				CODE_SIGN_STYLE = Automatic;
				INFOPLIST_FILE = tableview/Info.plist;
				LD_RUNPATH_SEARCH_PATHS = (
					"$(inherited)",
					"@executable_path/Frameworks",
				);
				PRODUCT_BUNDLE_IDENTIFIER = edu.ulsa.tableview;
				PRODUCT_NAME = "$(TARGET_NAME)";
				SWIFT_VERSION = 5.0;
				TARGETED_DEVICE_FAMILY = "1,2";
			};
			name = Debug;
		};
		3D3D2A182550A1D4008A27E3 /* Release */ = {
			isa = XCBuildConfiguration;
			buildSettings = {
				ASSETCATALOG_COMPILER_APPICON_NAME = AppIcon;
				CODE_SIGN_STYLE = Automatic;
				INFOPLIST_FILE = tableview/Info.plist;
				LD_RUNPATH_SEARCH_PATHS = (
					"$(inherited)",
					"@executable_path/Frameworks",
				);
				PRODUCT_BUNDLE_IDENTIFIER = edu.ulsa.tableview;
				PRODUCT_NAME = "$(TARGET_NAME)";
				SWIFT_VERSION = 5.0;
				TARGETED_DEVICE_FAMILY = "1,2";
			};
			name = Release;
		};
		3D3D2A1A2550A1D4008A27E3 /* Debug */ = {
			isa = XCBuildConfiguration;
			buildSettings = {
				ALWAYS_EMBED_SWIFT_STANDARD_LIBRARIES = YES;
				BUNDLE_LOADER = "$(TEST_HOST)";
				CODE_SIGN_STYLE = Automatic;
				INFOPLIST_FILE = tableviewTests/Info.plist;
				IPHONEOS_DEPLOYMENT_TARGET = 13.2;
				LD_RUNPATH_SEARCH_PATHS = (
					"$(inherited)",
					"@executable_path/Frameworks",
					"@loader_path/Frameworks",
				);
				PRODUCT_BUNDLE_IDENTIFIER = edu.ulsa.tableviewTests;
				PRODUCT_NAME = "$(TARGET_NAME)";
				SWIFT_VERSION = 5.0;
				TARGETED_DEVICE_FAMILY = "1,2";
				TEST_HOST = "$(BUILT_PRODUCTS_DIR)/tableview.app/tableview";
			};
			name = Debug;
		};
		3D3D2A1B2550A1D4008A27E3 /* Release */ = {
			isa = XCBuildConfiguration;
			buildSettings = {
				ALWAYS_EMBED_SWIFT_STANDARD_LIBRARIES = YES;
				BUNDLE_LOADER = "$(TEST_HOST)";
				CODE_SIGN_STYLE = Automatic;
				INFOPLIST_FILE = tableviewTests/Info.plist;
				IPHONEOS_DEPLOYMENT_TARGET = 13.2;
				LD_RUNPATH_SEARCH_PATHS = (
					"$(inherited)",
					"@executable_path/Frameworks",
					"@loader_path/Frameworks",
				);
				PRODUCT_BUNDLE_IDENTIFIER = edu.ulsa.tableviewTests;
				PRODUCT_NAME = "$(TARGET_NAME)";
				SWIFT_VERSION = 5.0;
				TARGETED_DEVICE_FAMILY = "1,2";
				TEST_HOST = "$(BUILT_PRODUCTS_DIR)/tableview.app/tableview";
			};
			name = Release;
		};
		3D3D2A1D2550A1D4008A27E3 /* Debug */ = {
			isa = XCBuildConfiguration;
			buildSettings = {
				ALWAYS_EMBED_SWIFT_STANDARD_LIBRARIES = YES;
				CODE_SIGN_STYLE = Automatic;
				INFOPLIST_FILE = tableviewUITests/Info.plist;
				LD_RUNPATH_SEARCH_PATHS = (
					"$(inherited)",
					"@executable_path/Frameworks",
					"@loader_path/Frameworks",
				);
				PRODUCT_BUNDLE_IDENTIFIER = edu.ulsa.tableviewUITests;
				PRODUCT_NAME = "$(TARGET_NAME)";
				SWIFT_VERSION = 5.0;
				TARGETED_DEVICE_FAMILY = "1,2";
				TEST_TARGET_NAME = tableview;
			};
			name = Debug;
		};
		3D3D2A1E2550A1D4008A27E3 /* Release */ = {
			isa = XCBuildConfiguration;
			buildSettings = {
				ALWAYS_EMBED_SWIFT_STANDARD_LIBRARIES = YES;
				CODE_SIGN_STYLE = Automatic;
				INFOPLIST_FILE = tableviewUITests/Info.plist;
				LD_RUNPATH_SEARCH_PATHS = (
					"$(inherited)",
					"@executable_path/Frameworks",
					"@loader_path/Frameworks",
				);
				PRODUCT_BUNDLE_IDENTIFIER = edu.ulsa.tableviewUITests;
				PRODUCT_NAME = "$(TARGET_NAME)";
				SWIFT_VERSION = 5.0;
				TARGETED_DEVICE_FAMILY = "1,2";
				TEST_TARGET_NAME = tableview;
			};
			name = Release;
		};
/* End XCBuildConfiguration section */

/* Begin XCConfigurationList section */
		3D3D29E72550A1CF008A27E3 /* Build configuration list for PBXProject "tableview" */ = {
			isa = XCConfigurationList;
			buildConfigurations = (
				3D3D2A142550A1D4008A27E3 /* Debug */,
				3D3D2A152550A1D4008A27E3 /* Release */,
			);
			defaultConfigurationIsVisible = 0;
			defaultConfigurationName = Release;
		};
		3D3D2A162550A1D4008A27E3 /* Build configuration list for PBXNativeTarget "tableview" */ = {
			isa = XCConfigurationList;
			buildConfigurations = (
				3D3D2A172550A1D4008A27E3 /* Debug */,
				3D3D2A182550A1D4008A27E3 /* Release */,
			);
			defaultConfigurationIsVisible = 0;
			defaultConfigurationName = Release;
		};
		3D3D2A192550A1D4008A27E3 /* Build configuration list for PBXNativeTarget "tableviewTests" */ = {
			isa = XCConfigurationList;
			buildConfigurations = (
				3D3D2A1A2550A1D4008A27E3 /* Debug */,
				3D3D2A1B2550A1D4008A27E3 /* Release */,
			);
			defaultConfigurationIsVisible = 0;
			defaultConfigurationName = Release;
		};
		3D3D2A1C2550A1D4008A27E3 /* Build configuration list for PBXNativeTarget "tableviewUITests" */ = {
			isa = XCConfigurationList;
			buildConfigurations = (
				3D3D2A1D2550A1D4008A27E3 /* Debug */,
				3D3D2A1E2550A1D4008A27E3 /* Release */,
			);
			defaultConfigurationIsVisible = 0;
			defaultConfigurationName = Release;
		};
/* End XCConfigurationList section */
	};
	rootObject = 3D3D29E42550A1CF008A27E3 /* Project object */;
}
